// !$*UTF8*$!
{
	archiveVersion = 1;
	classes = {
	};
	objectVersion = 77;
	objects = {

/* Begin PBXBuildFile section */
		F547D9442D734354009B968E /* LaunchScreen.storyboard in Resources */ = {isa = PBXBuildFile; fileRef = F547D9432D734354009B968E /* LaunchScreen.storyboard */; };
		F5A0F2FA2D71D32E0072599E /* print.py in Resources */ = {isa = PBXBuildFile; fileRef = F5A0F2F82D71D3250072599E /* print.py */; };
/* End PBXBuildFile section */

/* Begin PBXContainerItemProxy section */
		F5A0F2A92D71CED70072599E /* PBXContainerItemProxy */ = {
			isa = PBXContainerItemProxy;
			containerPortal = F5A0F2902D71CED50072599E /* Project object */;
			proxyType = 1;
			remoteGlobalIDString = F5A0F2972D71CED50072599E;
			remoteInfo = PosterForge;
		};
		F5A0F2B32D71CED70072599E /* PBXContainerItemProxy */ = {
			isa = PBXContainerItemProxy;
			containerPortal = F5A0F2902D71CED50072599E /* Project object */;
			proxyType = 1;
			remoteGlobalIDString = F5A0F2972D71CED50072599E;
			remoteInfo = PosterForge;
		};
/* End PBXContainerItemProxy section */

/* Begin PBXFileReference section */
		F547D9432D734354009B968E /* LaunchScreen.storyboard */ = {isa = PBXFileReference; lastKnownFileType = file.storyboard; path = LaunchScreen.storyboard; sourceTree = "<group>"; };
		F57A6F982D733AAE00C9E28A /* Info.plist */ = {isa = PBXFileReference; lastKnownFileType = text.plist; path = Info.plist; sourceTree = "<group>"; };
		F5A0F2982D71CED50072599E /* PosterForge.app */ = {isa = PBXFileReference; explicitFileType = wrapper.application; includeInIndex = 0; path = PosterForge.app; sourceTree = BUILT_PRODUCTS_DIR; };
		F5A0F2A82D71CED70072599E /* PosterForgeTests.xctest */ = {isa = PBXFileReference; explicitFileType = wrapper.cfbundle; includeInIndex = 0; path = PosterForgeTests.xctest; sourceTree = BUILT_PRODUCTS_DIR; };
		F5A0F2B22D71CED70072599E /* PosterForgeUITests.xctest */ = {isa = PBXFileReference; explicitFileType = wrapper.cfbundle; includeInIndex = 0; path = PosterForgeUITests.xctest; sourceTree = BUILT_PRODUCTS_DIR; };
		F5A0F2F82D71D3250072599E /* print.py */ = {isa = PBXFileReference; lastKnownFileType = text.script.python; path = print.py; sourceTree = "<group>"; };
/* End PBXFileReference section */

/* Begin PBXFileSystemSynchronizedRootGroup section */
		F5A0F29A2D71CED50072599E /* PosterForge */ = {
			isa = PBXFileSystemSynchronizedRootGroup;
			path = PosterForge;
			sourceTree = "<group>";
		};
		F5A0F2AB2D71CED70072599E /* PosterForgeTests */ = {
			isa = PBXFileSystemSynchronizedRootGroup;
			path = PosterForgeTests;
			sourceTree = "<group>";
		};
		F5A0F2B52D71CED70072599E /* PosterForgeUITests */ = {
			isa = PBXFileSystemSynchronizedRootGroup;
			path = PosterForgeUITests;
			sourceTree = "<group>";
		};
/* End PBXFileSystemSynchronizedRootGroup section */

/* Begin PBXFrameworksBuildPhase section */
		F5A0F2952D71CED50072599E /* Frameworks */ = {
			isa = PBXFrameworksBuildPhase;
			buildActionMask = 2147483647;
			files = (
			);
			runOnlyForDeploymentPostprocessing = 0;
		};
		F5A0F2A52D71CED70072599E /* Frameworks */ = {
			isa = PBXFrameworksBuildPhase;
			buildActionMask = 2147483647;
			files = (
			);
			runOnlyForDeploymentPostprocessing = 0;
		};
		F5A0F2AF2D71CED70072599E /* Frameworks */ = {
			isa = PBXFrameworksBuildPhase;
			buildActionMask = 2147483647;
			files = (
			);
			runOnlyForDeploymentPostprocessing = 0;
		};
/* End PBXFrameworksBuildPhase section */

/* Begin PBXGroup section */
		F5A0F28F2D71CED50072599E = {
			isa = PBXGroup;
			children = (
				F547D9432D734354009B968E /* LaunchScreen.storyboard */,
				F57A6F982D733AAE00C9E28A /* Info.plist */,
				F5A0F29A2D71CED50072599E /* PosterForge */,
				F5A0F2AB2D71CED70072599E /* PosterForgeTests */,
				F5A0F2B52D71CED70072599E /* PosterForgeUITests */,
				F5A0F2992D71CED50072599E /* Products */,
				F5A0F2F82D71D3250072599E /* print.py */,
			);
			sourceTree = "<group>";
		};
		F5A0F2992D71CED50072599E /* Products */ = {
			isa = PBXGroup;
			children = (
				F5A0F2982D71CED50072599E /* PosterForge.app */,
				F5A0F2A82D71CED70072599E /* PosterForgeTests.xctest */,
				F5A0F2B22D71CED70072599E /* PosterForgeUITests.xctest */,
			);
			name = Products;
			sourceTree = "<group>";
		};
/* End PBXGroup section */

/* Begin PBXNativeTarget section */
		F5A0F2972D71CED50072599E /* PosterForge */ = {
			isa = PBXNativeTarget;
			buildConfigurationList = F5A0F2BC2D71CED70072599E /* Build configuration list for PBXNativeTarget "PosterForge" */;
			buildPhases = (
				F5A0F2942D71CED50072599E /* Sources */,
				F5A0F2952D71CED50072599E /* Frameworks */,
				F5A0F2962D71CED50072599E /* Resources */,
			);
			buildRules = (
			);
			dependencies = (
			);
			fileSystemSynchronizedGroups = (
				F5A0F29A2D71CED50072599E /* PosterForge */,
			);
			name = PosterForge;
			packageProductDependencies = (
			);
			productName = PosterForge;
			productReference = F5A0F2982D71CED50072599E /* PosterForge.app */;
			productType = "com.apple.product-type.application";
		};
		F5A0F2A72D71CED70072599E /* PosterForgeTests */ = {
			isa = PBXNativeTarget;
			buildConfigurationList = F5A0F2BF2D71CED70072599E /* Build configuration list for PBXNativeTarget "PosterForgeTests" */;
			buildPhases = (
				F5A0F2A42D71CED70072599E /* Sources */,
				F5A0F2A52D71CED70072599E /* Frameworks */,
				F5A0F2A62D71CED70072599E /* Resources */,
			);
			buildRules = (
			);
			dependencies = (
				F5A0F2AA2D71CED70072599E /* PBXTargetDependency */,
			);
			fileSystemSynchronizedGroups = (
				F5A0F2AB2D71CED70072599E /* PosterForgeTests */,
			);
			name = PosterForgeTests;
			packageProductDependencies = (
			);
			productName = PosterForgeTests;
			productReference = F5A0F2A82D71CED70072599E /* PosterForgeTests.xctest */;
			productType = "com.apple.product-type.bundle.unit-test";
		};
		F5A0F2B12D71CED70072599E /* PosterForgeUITests */ = {
			isa = PBXNativeTarget;
			buildConfigurationList = F5A0F2C22D71CED70072599E /* Build configuration list for PBXNativeTarget "PosterForgeUITests" */;
			buildPhases = (
				F5A0F2AE2D71CED70072599E /* Sources */,
				F5A0F2AF2D71CED70072599E /* Frameworks */,
				F5A0F2B02D71CED70072599E /* Resources */,
			);
			buildRules = (
			);
			dependencies = (
				F5A0F2B42D71CED70072599E /* PBXTargetDependency */,
			);
			fileSystemSynchronizedGroups = (
				F5A0F2B52D71CED70072599E /* PosterForgeUITests */,
			);
			name = PosterForgeUITests;
			packageProductDependencies = (
			);
			productName = PosterForgeUITests;
			productReference = F5A0F2B22D71CED70072599E /* PosterForgeUITests.xctest */;
			productType = "com.apple.product-type.bundle.ui-testing";
		};
/* End PBXNativeTarget section */

/* Begin PBXProject section */
		F5A0F2902D71CED50072599E /* Project object */ = {
			isa = PBXProject;
			attributes = {
				BuildIndependentTargetsInParallel = 1;
				LastSwiftUpdateCheck = 1620;
				LastUpgradeCheck = 1620;
				TargetAttributes = {
					F5A0F2972D71CED50072599E = {
						CreatedOnToolsVersion = 16.2;
					};
					F5A0F2A72D71CED70072599E = {
						CreatedOnToolsVersion = 16.2;
						TestTargetID = F5A0F2972D71CED50072599E;
					};
					F5A0F2B12D71CED70072599E = {
						CreatedOnToolsVersion = 16.2;
						TestTargetID = F5A0F2972D71CED50072599E;
					};
				};
			};
			buildConfigurationList = F5A0F2932D71CED50072599E /* Build configuration list for PBXProject "PosterForge" */;
			developmentRegion = en;
			hasScannedForEncodings = 0;
			knownRegions = (
				en,
				Base,
			);
			mainGroup = F5A0F28F2D71CED50072599E;
			minimizedProjectReferenceProxies = 1;
			preferredProjectObjectVersion = 77;
			productRefGroup = F5A0F2992D71CED50072599E /* Products */;
			projectDirPath = "";
			projectRoot = "";
			targets = (
				F5A0F2972D71CED50072599E /* PosterForge */,
				F5A0F2A72D71CED70072599E /* PosterForgeTests */,
				F5A0F2B12D71CED70072599E /* PosterForgeUITests */,
			);
		};
/* End PBXProject section */

/* Begin PBXResourcesBuildPhase section */
		F5A0F2962D71CED50072599E /* Resources */ = {
			isa = PBXResourcesBuildPhase;
			buildActionMask = 2147483647;
			files = (
				F5A0F2FA2D71D32E0072599E /* print.py in Resources */,
				F547D9442D734354009B968E /* LaunchScreen.storyboard in Resources */,
			);
			runOnlyForDeploymentPostprocessing = 0;
		};
		F5A0F2A62D71CED70072599E /* Resources */ = {
			isa = PBXResourcesBuildPhase;
			buildActionMask = 2147483647;
			files = (
			);
			runOnlyForDeploymentPostprocessing = 0;
		};
		F5A0F2B02D71CED70072599E /* Resources */ = {
			isa = PBXResourcesBuildPhase;
			buildActionMask = 2147483647;
			files = (
			);
			runOnlyForDeploymentPostprocessing = 0;
		};
/* End PBXResourcesBuildPhase section */

/* Begin PBXSourcesBuildPhase section */
		F5A0F2942D71CED50072599E /* Sources */ = {
			isa = PBXSourcesBuildPhase;
			buildActionMask = 2147483647;
			files = (
			);
			runOnlyForDeploymentPostprocessing = 0;
		};
		F5A0F2A42D71CED70072599E /* Sources */ = {
			isa = PBXSourcesBuildPhase;
			buildActionMask = 2147483647;
			files = (
			);
			runOnlyForDeploymentPostprocessing = 0;
		};
		F5A0F2AE2D71CED70072599E /* Sources */ = {
			isa = PBXSourcesBuildPhase;
			buildActionMask = 2147483647;
			files = (
			);
			runOnlyForDeploymentPostprocessing = 0;
		};
/* End PBXSourcesBuildPhase section */

/* Begin PBXTargetDependency section */
		F5A0F2AA2D71CED70072599E /* PBXTargetDependency */ = {
			isa = PBXTargetDependency;
			target = F5A0F2972D71CED50072599E /* PosterForge */;
			targetProxy = F5A0F2A92D71CED70072599E /* PBXContainerItemProxy */;
		};
		F5A0F2B42D71CED70072599E /* PBXTargetDependency */ = {
			isa = PBXTargetDependency;
			target = F5A0F2972D71CED50072599E /* PosterForge */;
			targetProxy = F5A0F2B32D71CED70072599E /* PBXContainerItemProxy */;
		};
/* End PBXTargetDependency section */

/* Begin XCBuildConfiguration section */
		F5A0F2BA2D71CED70072599E /* Debug */ = {
			isa = XCBuildConfiguration;
			buildSettings = {
				ALWAYS_SEARCH_USER_PATHS = NO;
				ASSETCATALOG_COMPILER_GENERATE_SWIFT_ASSET_SYMBOL_EXTENSIONS = YES;
				CLANG_ANALYZER_NONNULL = YES;
				CLANG_ANALYZER_NUMBER_OBJECT_CONVERSION = YES_AGGRESSIVE;
				CLANG_CXX_LANGUAGE_STANDARD = "gnu++20";
				CLANG_ENABLE_MODULES = YES;
				CLANG_ENABLE_OBJC_ARC = YES;
				CLANG_ENABLE_OBJC_WEAK = YES;
				CLANG_WARN_BLOCK_CAPTURE_AUTORELEASING = YES;
				CLANG_WARN_BOOL_CONVERSION = YES;
				CLANG_WARN_COMMA = YES;
				CLANG_WARN_CONSTANT_CONVERSION = YES;
				CLANG_WARN_DEPRECATED_OBJC_IMPLEMENTATIONS = YES;
				CLANG_WARN_DIRECT_OBJC_ISA_USAGE = YES_ERROR;
				CLANG_WARN_DOCUMENTATION_COMMENTS = YES;
				CLANG_WARN_EMPTY_BODY = YES;
				CLANG_WARN_ENUM_CONVERSION = YES;
				CLANG_WARN_INFINITE_RECURSION = YES;
				CLANG_WARN_INT_CONVERSION = YES;
				CLANG_WARN_NON_LITERAL_NULL_CONVERSION = YES;
				CLANG_WARN_OBJC_IMPLICIT_RETAIN_SELF = YES;
				CLANG_WARN_OBJC_LITERAL_CONVERSION = YES;
				CLANG_WARN_OBJC_ROOT_CLASS = YES_ERROR;
				CLANG_WARN_QUOTED_INCLUDE_IN_FRAMEWORK_HEADER = YES;
				CLANG_WARN_RANGE_LOOP_ANALYSIS = YES;
				CLANG_WARN_STRICT_PROTOTYPES = YES;
				CLANG_WARN_SUSPICIOUS_MOVE = YES;
				CLANG_WARN_UNGUARDED_AVAILABILITY = YES_AGGRESSIVE;
				CLANG_WARN_UNREACHABLE_CODE = YES;
				CLANG_WARN__DUPLICATE_METHOD_MATCH = YES;
				COPY_PHASE_STRIP = NO;
				DEBUG_INFORMATION_FORMAT = dwarf;
				ENABLE_STRICT_OBJC_MSGSEND = YES;
				ENABLE_TESTABILITY = YES;
				ENABLE_USER_SCRIPT_SANDBOXING = YES;
				GCC_C_LANGUAGE_STANDARD = gnu17;
				GCC_DYNAMIC_NO_PIC = NO;
				GCC_NO_COMMON_BLOCKS = YES;
				GCC_OPTIMIZATION_LEVEL = 0;
				GCC_PREPROCESSOR_DEFINITIONS = (
					"DEBUG=1",
					"$(inherited)",
				);
				GCC_WARN_64_TO_32_BIT_CONVERSION = YES;
				GCC_WARN_ABOUT_RETURN_TYPE = YES_ERROR;
				GCC_WARN_UNDECLARED_SELECTOR = YES;
				GCC_WARN_UNINITIALIZED_AUTOS = YES_AGGRESSIVE;
				GCC_WARN_UNUSED_FUNCTION = YES;
				GCC_WARN_UNUSED_VARIABLE = YES;
				IPHONEOS_DEPLOYMENT_TARGET = 18.2;
				LOCALIZATION_PREFERS_STRING_CATALOGS = YES;
				MTL_ENABLE_DEBUG_INFO = INCLUDE_SOURCE;
				MTL_FAST_MATH = YES;
				ONLY_ACTIVE_ARCH = YES;
				SDKROOT = iphoneos;
				SWIFT_ACTIVE_COMPILATION_CONDITIONS = "DEBUG $(inherited)";
				SWIFT_OPTIMIZATION_LEVEL = "-Onone";
			};
			name = Debug;
		};
		F5A0F2BB2D71CED70072599E /* Release */ = {
			isa = XCBuildConfiguration;
			buildSettings = {
				ALWAYS_SEARCH_USER_PATHS = NO;
				ASSETCATALOG_COMPILER_GENERATE_SWIFT_ASSET_SYMBOL_EXTENSIONS = YES;
				CLANG_ANALYZER_NONNULL = YES;
				CLANG_ANALYZER_NUMBER_OBJECT_CONVERSION = YES_AGGRESSIVE;
				CLANG_CXX_LANGUAGE_STANDARD = "gnu++20";
				CLANG_ENABLE_MODULES = YES;
				CLANG_ENABLE_OBJC_ARC = YES;
				CLANG_ENABLE_OBJC_WEAK = YES;
				CLANG_WARN_BLOCK_CAPTURE_AUTORELEASING = YES;
				CLANG_WARN_BOOL_CONVERSION = YES;
				CLANG_WARN_COMMA = YES;
				CLANG_WARN_CONSTANT_CONVERSION = YES;
				CLANG_WARN_DEPRECATED_OBJC_IMPLEMENTATIONS = YES;
				CLANG_WARN_DIRECT_OBJC_ISA_USAGE = YES_ERROR;
				CLANG_WARN_DOCUMENTATION_COMMENTS = YES;
				CLANG_WARN_EMPTY_BODY = YES;
				CLANG_WARN_ENUM_CONVERSION = YES;
				CLANG_WARN_INFINITE_RECURSION = YES;
				CLANG_WARN_INT_CONVERSION = YES;
				CLANG_WARN_NON_LITERAL_NULL_CONVERSION = YES;
				CLANG_WARN_OBJC_IMPLICIT_RETAIN_SELF = YES;
				CLANG_WARN_OBJC_LITERAL_CONVERSION = YES;
				CLANG_WARN_OBJC_ROOT_CLASS = YES_ERROR;
				CLANG_WARN_QUOTED_INCLUDE_IN_FRAMEWORK_HEADER = YES;
				CLANG_WARN_RANGE_LOOP_ANALYSIS = YES;
				CLANG_WARN_STRICT_PROTOTYPES = YES;
				CLANG_WARN_SUSPICIOUS_MOVE = YES;
				CLANG_WARN_UNGUARDED_AVAILABILITY = YES_AGGRESSIVE;
				CLANG_WARN_UNREACHABLE_CODE = YES;
				CLANG_WARN__DUPLICATE_METHOD_MATCH = YES;
				COPY_PHASE_STRIP = NO;
				DEBUG_INFORMATION_FORMAT = "dwarf-with-dsym";
				ENABLE_NS_ASSERTIONS = NO;
				ENABLE_STRICT_OBJC_MSGSEND = YES;
				ENABLE_USER_SCRIPT_SANDBOXING = YES;
				GCC_C_LANGUAGE_STANDARD = gnu17;
				GCC_NO_COMMON_BLOCKS = YES;
				GCC_WARN_64_TO_32_BIT_CONVERSION = YES;
				GCC_WARN_ABOUT_RETURN_TYPE = YES_ERROR;
				GCC_WARN_UNDECLARED_SELECTOR = YES;
				GCC_WARN_UNINITIALIZED_AUTOS = YES_AGGRESSIVE;
				GCC_WARN_UNUSED_FUNCTION = YES;
				GCC_WARN_UNUSED_VARIABLE = YES;
				IPHONEOS_DEPLOYMENT_TARGET = 18.2;
				LOCALIZATION_PREFERS_STRING_CATALOGS = YES;
				MTL_ENABLE_DEBUG_INFO = NO;
				MTL_FAST_MATH = YES;
				SDKROOT = iphoneos;
				SWIFT_COMPILATION_MODE = wholemodule;
				VALIDATE_PRODUCT = YES;
			};
			name = Release;
		};
		F5A0F2BD2D71CED70072599E /* Debug */ = {
			isa = XCBuildConfiguration;
			buildSettings = {
				ASSETCATALOG_COMPILER_APPICON_NAME = AppIcon;
				ASSETCATALOG_COMPILER_GLOBAL_ACCENT_COLOR_NAME = AccentColor;
				ASSETCATALOG_COMPILER_INCLUDE_ALL_APPICON_ASSETS = NO;
				CODE_SIGN_STYLE = Automatic;
				CURRENT_PROJECT_VERSION = 1;
				DEVELOPMENT_ASSET_PATHS = "\"PosterForge/Preview Content\"";
				DEVELOPMENT_TEAM = 4HPM355GHR;
				DONT_GENERATE_INFOPLIST_FILE = NO;
				ENABLE_PREVIEWS = YES;
				GENERATE_INFOPLIST_FILE = NO;
				INFOPLIST_FILE = "$(SRCROOT)/Info.plist";
				INFOPLIST_KEY_UIApplicationSceneManifest_Generation = YES;
				INFOPLIST_KEY_UIApplicationSupportsIndirectInputEvents = YES;
				INFOPLIST_KEY_UILaunchScreen_Generation = YES;
				INFOPLIST_KEY_UISupportedInterfaceOrientations_iPad = "UIInterfaceOrientationPortrait UIInterfaceOrientationPortraitUpsideDown UIInterfaceOrientationLandscapeLeft UIInterfaceOrientationLandscapeRight";
				INFOPLIST_KEY_UISupportedInterfaceOrientations_iPhone = "UIInterfaceOrientationPortrait UIInterfaceOrientationLandscapeLeft UIInterfaceOrientationLandscapeRight";
				LD_RUNPATH_SEARCH_PATHS = (
					"$(inherited)",
					"@executable_path/Frameworks",
				);
				MARKETING_VERSION = 1.0;
				PRODUCT_BUNDLE_IDENTIFIER = com.alexsiroli.PosterForge;
				PRODUCT_NAME = "$(TARGET_NAME)";
				SWIFT_EMIT_LOC_STRINGS = YES;
				SWIFT_VERSION = 5.0;
				TARGETED_DEVICE_FAMILY = "1,2";
			};
			name = Debug;
		};
		F5A0F2BE2D71CED70072599E /* Release */ = {
			isa = XCBuildConfiguration;
			buildSettings = {
				ASSETCATALOG_COMPILER_APPICON_NAME = AppIcon;
				ASSETCATALOG_COMPILER_GLOBAL_ACCENT_COLOR_NAME = AccentColor;
				ASSETCATALOG_COMPILER_INCLUDE_ALL_APPICON_ASSETS = NO;
				CODE_SIGN_STYLE = Automatic;
				CURRENT_PROJECT_VERSION = 1;
				DEVELOPMENT_ASSET_PATHS = "\"PosterForge/Preview Content\"";
				DEVELOPMENT_TEAM = 4HPM355GHR;
				DONT_GENERATE_INFOPLIST_FILE = NO;
				ENABLE_PREVIEWS = YES;
				GENERATE_INFOPLIST_FILE = NO;
				INFOPLIST_FILE = "$(SRCROOT)/Info.plist";
				INFOPLIST_KEY_UIApplicationSceneManifest_Generation = YES;
				INFOPLIST_KEY_UIApplicationSupportsIndirectInputEvents = YES;
				INFOPLIST_KEY_UILaunchScreen_Generation = YES;
				INFOPLIST_KEY_UISupportedInterfaceOrientations_iPad = "UIInterfaceOrientationPortrait UIInterfaceOrientationPortraitUpsideDown UIInterfaceOrientationLandscapeLeft UIInterfaceOrientationLandscapeRight";
				INFOPLIST_KEY_UISupportedInterfaceOrientations_iPhone = "UIInterfaceOrientationPortrait UIInterfaceOrientationLandscapeLeft UIInterfaceOrientationLandscapeRight";
				LD_RUNPATH_SEARCH_PATHS = (
					"$(inherited)",
					"@executable_path/Frameworks",
				);
				MARKETING_VERSION = 1.0;
				PRODUCT_BUNDLE_IDENTIFIER = com.alexsiroli.PosterForge;
				PRODUCT_NAME = "$(TARGET_NAME)";
				SWIFT_EMIT_LOC_STRINGS = YES;
				SWIFT_VERSION = 5.0;
				TARGETED_DEVICE_FAMILY = "1,2";
			};
			name = Release;
		};
		F5A0F2C02D71CED70072599E /* Debug */ = {
			isa = XCBuildConfiguration;
			buildSettings = {
				BUNDLE_LOADER = "$(TEST_HOST)";
				CODE_SIGN_STYLE = Automatic;
				CURRENT_PROJECT_VERSION = 1;
				DEVELOPMENT_TEAM = 4HPM355GHR;
				GENERATE_INFOPLIST_FILE = NO;
				INFOPLIST_FILE = "$(SRCROOT)/Info.plist";
				IPHONEOS_DEPLOYMENT_TARGET = 18.2;
				MARKETING_VERSION = 1.0;
				PRODUCT_BUNDLE_IDENTIFIER = com.alexsiroli.PosterForgeTests;
				PRODUCT_NAME = "$(TARGET_NAME)";
				SWIFT_EMIT_LOC_STRINGS = NO;
				SWIFT_VERSION = 5.0;
				TARGETED_DEVICE_FAMILY = "1,2";
				TEST_HOST = "$(BUILT_PRODUCTS_DIR)/PosterForge.app/$(BUNDLE_EXECUTABLE_FOLDER_PATH)/PosterForge";
			};
			name = Debug;
		};
		F5A0F2C12D71CED70072599E /* Release */ = {
			isa = XCBuildConfiguration;
			buildSettings = {
				BUNDLE_LOADER = "$(TEST_HOST)";
				CODE_SIGN_STYLE = Automatic;
				CURRENT_PROJECT_VERSION = 1;
				DEVELOPMENT_TEAM = 4HPM355GHR;
				GENERATE_INFOPLIST_FILE = NO;
				INFOPLIST_FILE = "$(SRCROOT)/Info.plist";
				IPHONEOS_DEPLOYMENT_TARGET = 18.2;
				MARKETING_VERSION = 1.0;
				PRODUCT_BUNDLE_IDENTIFIER = com.alexsiroli.PosterForgeTests;
				PRODUCT_NAME = "$(TARGET_NAME)";
				SWIFT_EMIT_LOC_STRINGS = NO;
				SWIFT_VERSION = 5.0;
				TARGETED_DEVICE_FAMILY = "1,2";
				TEST_HOST = "$(BUILT_PRODUCTS_DIR)/PosterForge.app/$(BUNDLE_EXECUTABLE_FOLDER_PATH)/PosterForge";
			};
			name = Release;
		};
		F5A0F2C32D71CED70072599E /* Debug */ = {
			isa = XCBuildConfiguration;
			buildSettings = {
				CODE_SIGN_STYLE = Automatic;
				CURRENT_PROJECT_VERSION = 1;
				DEVELOPMENT_TEAM = 4HPM355GHR;
				GENERATE_INFOPLIST_FILE = NO;
				INFOPLIST_FILE = "$(SRCROOT)/Info.plist";
				MARKETING_VERSION = 1.0;
				PRODUCT_BUNDLE_IDENTIFIER = com.alexsiroli.PosterForgeUITests;
				PRODUCT_NAME = "$(TARGET_NAME)";
				SWIFT_EMIT_LOC_STRINGS = NO;
				SWIFT_VERSION = 5.0;
				TARGETED_DEVICE_FAMILY = "1,2";
				TEST_TARGET_NAME = PosterForge;
			};
			name = Debug;
		};
		F5A0F2C42D71CED70072599E /* Release */ = {
			isa = XCBuildConfiguration;
			buildSettings = {
				CODE_SIGN_STYLE = Automatic;
				CURRENT_PROJECT_VERSION = 1;
				DEVELOPMENT_TEAM = 4HPM355GHR;
				GENERATE_INFOPLIST_FILE = NO;
				INFOPLIST_FILE = "$(SRCROOT)/Info.plist";
				MARKETING_VERSION = 1.0;
				PRODUCT_BUNDLE_IDENTIFIER = com.alexsiroli.PosterForgeUITests;
				PRODUCT_NAME = "$(TARGET_NAME)";
				SWIFT_EMIT_LOC_STRINGS = NO;
				SWIFT_VERSION = 5.0;
				TARGETED_DEVICE_FAMILY = "1,2";
				TEST_TARGET_NAME = PosterForge;
			};
			name = Release;
		};
/* End XCBuildConfiguration section */

/* Begin XCConfigurationList section */
		F5A0F2932D71CED50072599E /* Build configuration list for PBXProject "PosterForge" */ = {
			isa = XCConfigurationList;
			buildConfigurations = (
				F5A0F2BA2D71CED70072599E /* Debug */,
				F5A0F2BB2D71CED70072599E /* Release */,
			);
			defaultConfigurationIsVisible = 0;
			defaultConfigurationName = Release;
		};
		F5A0F2BC2D71CED70072599E /* Build configuration list for PBXNativeTarget "PosterForge" */ = {
			isa = XCConfigurationList;
			buildConfigurations = (
				F5A0F2BD2D71CED70072599E /* Debug */,
				F5A0F2BE2D71CED70072599E /* Release */,
			);
			defaultConfigurationIsVisible = 0;
			defaultConfigurationName = Release;
		};
		F5A0F2BF2D71CED70072599E /* Build configuration list for PBXNativeTarget "PosterForgeTests" */ = {
			isa = XCConfigurationList;
			buildConfigurations = (
				F5A0F2C02D71CED70072599E /* Debug */,
				F5A0F2C12D71CED70072599E /* Release */,
			);
			defaultConfigurationIsVisible = 0;
			defaultConfigurationName = Release;
		};
		F5A0F2C22D71CED70072599E /* Build configuration list for PBXNativeTarget "PosterForgeUITests" */ = {
			isa = XCConfigurationList;
			buildConfigurations = (
				F5A0F2C32D71CED70072599E /* Debug */,
				F5A0F2C42D71CED70072599E /* Release */,
			);
			defaultConfigurationIsVisible = 0;
			defaultConfigurationName = Release;
		};
/* End XCConfigurationList section */
	};
	rootObject = F5A0F2902D71CED50072599E /* Project object */;
}
